Microsoft Visual Studio Solution File, Format Version 12.00
# Visual Studio Version 17
VisualStudioVersion = 17.0.31903.59
MinimumVisualStudioVersion = 10.0.40219.1
Project("{FAE04EC0-301F-11D3-BF4B-00C04F79EFBC}") = "UMLCAD.Application", "application/UMLCAD.Application/UMLCAD.Application.csproj", "{EEFA0516-36BD-517D-B853-A6F8561269E4}"
EndProject
Project("{FAE04EC0-301F-11D3-BF4B-00C04F79EFBC}") = "UMLCAD.BenchVise", "application/demos/BenchVise/BenchVise.csproj", "{CDCAEC30-D435-5B10-8D53-CEAD6E69EC4D}"
EndProject
Global
	GlobalSection(SolutionConfigurationPlatforms) = preSolution
		Debug|Any CPU = Debug|Any CPU
		Release|Any CPU = Release|Any CPU
	EndGlobalSection
	GlobalSection(ProjectConfigurationPlatforms) = postSolution
		{EEFA0516-36BD-517D-B853-A6F8561269E4}.Debug|Any CPU.ActiveCfg = Debug|Any CPU
		{EEFA0516-36BD-517D-B853-A6F8561269E4}.Debug|Any CPU.Build.0 = Debug|Any CPU
		{EEFA0516-36BD-517D-B853-A6F8561269E4}.Release|Any CPU.ActiveCfg = Release|Any CPU
		{EEFA0516-36BD-517D-B853-A6F8561269E4}.Release|Any CPU.Build.0 = Release|Any CPU
		{CDCAEC30-D435-5B10-8D53-CEAD6E69EC4D}.Debug|Any CPU.ActiveCfg = Debug|Any CPU
		{CDCAEC30-D435-5B10-8D53-CEAD6E69EC4D}.Debug|Any CPU.Build.0 = Debug|Any CPU
		{CDCAEC30-D435-5B10-8D53-CEAD6E69EC4D}.Release|Any CPU.ActiveCfg = Release|Any CPU
		{CDCAEC30-D435-5B10-8D53-CEAD6E69EC4D}.Release|Any CPU.Build.0 = Release|Any CPU
	EndGlobalSection
	GlobalSection(SolutionProperties) = preSolution
		HideSolutionNode = FALSE
	EndGlobalSection
EndGlobal
